{
  "name": "@quantum-pi/forge",
  "version": "0.4.2",
  "lockfileVersion": 3,
  "requires": true,
  "packages": {
    "": {
      "name": "@quantum-pi/forge",
      "version": "0.4.2",
      "license": "MIT",
      "bin": {
        "qpf": "scripts/forge",
        "quantum-pi-forge": "scripts/forge"
      },
      "engines": {
        "node": ">=22"
      }
    }
  }
}
